
Microsoft Visual Studio Solution File, Format Version 12.00
# Visual Studio Version 17
VisualStudioVersion = 17.7.34031.279
MinimumVisualStudioVersion = 10.0.40219.1
Project("{FAE04EC0-301F-11D3-BF4B-00C04F79EFBC}") = "ProyectoCalculadora", "ProyectoCalculadora\ProyectoCalculadora.csproj", "{B231CF1F-65AE-4AD6-9AD6-3A9DD26372A3}"
EndProject
Global
	GlobalSection(SolutionConfigurationPlatforms) = preSolution
		Debug|Any CPU = Debug|Any CPU
		Release|Any CPU = Release|Any CPU
	EndGlobalSection
	GlobalSection(ProjectConfigurationPlatforms) = postSolution
		{B231CF1F-65AE-4AD6-9AD6-3A9DD26372A3}.Debug|Any CPU.ActiveCfg = Debug|Any CPU
		{B231CF1F-65AE-4AD6-9AD6-3A9DD26372A3}.Debug|Any CPU.Build.0 = Debug|Any CPU
		{B231CF1F-65AE-4AD6-9AD6-3A9DD26372A3}.Release|Any CPU.ActiveCfg = Release|Any CPU
		{B231CF1F-65AE-4AD6-9AD6-3A9DD26372A3}.Release|Any CPU.Build.0 = Release|Any CPU
	EndGlobalSection
	GlobalSection(SolutionProperties) = preSolution
		HideSolutionNode = FALSE
	EndGlobalSection
	GlobalSection(ExtensibilityGlobals) = postSolution
		SolutionGuid = {D33EEEDE-2CAC-498A-93F1-7EDB39FA32D8}
	EndGlobalSection
EndGlobal
